version: 1
files:
  locales/en.json:
    Ignite Your Job Search: 65bf44424af4e25fd3bc2cbed0aabf78
    ResumeMoto Team: 66067bc248d5bfe79a5e44b01795a98d
    ResumeMoto is an AI-powered resume and CV builder designed to help job seekers create tailored, ATS-friendly resumes, streamline job applications, and track progress\. Transform your job search today!: 67cc756cf15d227d85ec086c7c27853a
    resume builder, CV generator, ATS resume, AI resume tool, job search, career, resume optimization, ResumeMoto: 16b014ce16d42bcef7d59d44aeff16c8
